// !$*UTF8*$!
{
	archiveVersion = 1;
	classes = {
	};
	objectVersion = 56;
	objects = {

/* Begin PBXCopyFilesBuildPhase section */
		A96F17C428E2F8F5000C691D /* CopyFiles */ = {
			isa = PBXCopyFilesBuildPhase;
			buildActionMask = 2147483647;
			dstPath = /usr/share/man/man1/;
			dstSubfolderSpec = 0;
			files = (
			);
			runOnlyForDeploymentPostprocessing = 1;
		};
/* End PBXCopyFilesBuildPhase section */

/* Begin PBXFileReference section */
		A943515428E57445001B653D /* pg_12910.swift */ = {isa = PBXFileReference; lastKnownFileType = sourcecode.swift; path = pg_12910.swift; sourceTree = "<group>"; };
		A943515628E57528001B653D /* pg_12948.swift */ = {isa = PBXFileReference; lastKnownFileType = sourcecode.swift; path = pg_12948.swift; sourceTree = "<group>"; };
		A943515828E57816001B653D /* pg_12935.swift */ = {isa = PBXFileReference; lastKnownFileType = sourcecode.swift; path = pg_12935.swift; sourceTree = "<group>"; };
		A943515A28E57B49001B653D /* pg_76501.swift */ = {isa = PBXFileReference; lastKnownFileType = sourcecode.swift; path = pg_76501.swift; sourceTree = "<group>"; };
		A943515C28E57CEB001B653D /* pg_12922.swift */ = {isa = PBXFileReference; lastKnownFileType = sourcecode.swift; path = pg_12922.swift; sourceTree = "<group>"; };
		A943515E28E58276001B653D /* pg_12903.swift */ = {isa = PBXFileReference; lastKnownFileType = sourcecode.swift; path = pg_12903.swift; sourceTree = "<group>"; };
		A943516028E58BB1001B653D /* pg_86051.swift */ = {isa = PBXFileReference; lastKnownFileType = sourcecode.swift; path = pg_86051.swift; sourceTree = "<group>"; };
		A943516228E58DD4001B653D /* pg_70128.swift */ = {isa = PBXFileReference; lastKnownFileType = sourcecode.swift; path = pg_70128.swift; sourceTree = "<group>"; };
		A943516428E58EE6001B653D /* pg_12917.swift */ = {isa = PBXFileReference; lastKnownFileType = sourcecode.swift; path = pg_12917.swift; sourceTree = "<group>"; };
		A943516628E59A55001B653D /* pg_12918.swift */ = {isa = PBXFileReference; lastKnownFileType = sourcecode.swift; path = pg_12918.swift; sourceTree = "<group>"; };
		A943516828E5AE73001B653D /* pg_77884.swift */ = {isa = PBXFileReference; lastKnownFileType = sourcecode.swift; path = pg_77884.swift; sourceTree = "<group>"; };
		A943516A28E5B042001B653D /* pg_12950.swift */ = {isa = PBXFileReference; lastKnownFileType = sourcecode.swift; path = pg_12950.swift; sourceTree = "<group>"; };
		A943516C28E5EC6A001B653D /* pg_82612.swift */ = {isa = PBXFileReference; lastKnownFileType = sourcecode.swift; path = pg_82612.swift; sourceTree = "<group>"; };
		A943516E28E5EE01001B653D /* pg_12926.swift */ = {isa = PBXFileReference; lastKnownFileType = sourcecode.swift; path = pg_12926.swift; sourceTree = "<group>"; };
		A943517028E5F956001B653D /* pg_12940.swift */ = {isa = PBXFileReference; lastKnownFileType = sourcecode.swift; path = pg_12940.swift; sourceTree = "<group>"; };
		A948330028F713910042DEC5 /* pg_43165.swift */ = {isa = PBXFileReference; lastKnownFileType = sourcecode.swift; path = pg_43165.swift; sourceTree = "<group>"; };
		A96F17C628E2F8F5000C691D /* Algorithm-Swift */ = {isa = PBXFileReference; explicitFileType = "compiled.mach-o.executable"; includeInIndex = 0; path = "Algorithm-Swift"; sourceTree = BUILT_PRODUCTS_DIR; };
		A96F17C928E2F8F5000C691D /* pg_12932.swift */ = {isa = PBXFileReference; lastKnownFileType = sourcecode.swift; path = pg_12932.swift; sourceTree = "<group>"; };
		A96F17D228E31ABD000C691D /* pg_12916.swift */ = {isa = PBXFileReference; lastKnownFileType = sourcecode.swift; path = pg_12916.swift; sourceTree = "<group>"; };
		A96F17D428E31DE9000C691D /* pg_12947.swift */ = {isa = PBXFileReference; lastKnownFileType = sourcecode.swift; path = pg_12947.swift; sourceTree = "<group>"; };
		A96F17D628E31FD8000C691D /* pg_12933.swift */ = {isa = PBXFileReference; lastKnownFileType = sourcecode.swift; path = pg_12933.swift; sourceTree = "<group>"; };
		A96F17D828E326A4000C691D /* pg_12925.swift */ = {isa = PBXFileReference; lastKnownFileType = sourcecode.swift; path = pg_12925.swift; sourceTree = "<group>"; };
		A96F17DA28E32815000C691D /* pg_12954.swift */ = {isa = PBXFileReference; lastKnownFileType = sourcecode.swift; path = pg_12954.swift; sourceTree = "<group>"; };
		A96F17DC28E32C45000C691D /* pg_87389.swift */ = {isa = PBXFileReference; lastKnownFileType = sourcecode.swift; path = pg_87389.swift; sourceTree = "<group>"; };
		A98C813928E4804F00B78843 /* pg_12943.swift */ = {isa = PBXFileReference; lastKnownFileType = sourcecode.swift; path = pg_12943.swift; sourceTree = "<group>"; };
		A98C813B28E481A500B78843 /* pg_12912.swift */ = {isa = PBXFileReference; lastKnownFileType = sourcecode.swift; path = pg_12912.swift; sourceTree = "<group>"; };
		A98C813D28E488EE00B78843 /* pg_12919.swift */ = {isa = PBXFileReference; lastKnownFileType = sourcecode.swift; path = pg_12919.swift; sourceTree = "<group>"; };
/* End PBXFileReference section */

/* Begin PBXFrameworksBuildPhase section */
		A96F17C328E2F8F5000C691D /* Frameworks */ = {
			isa = PBXFrameworksBuildPhase;
			buildActionMask = 2147483647;
			files = (
			);
			runOnlyForDeploymentPostprocessing = 0;
		};
/* End PBXFrameworksBuildPhase section */

/* Begin PBXGroup section */
		A94832FD28F712540042DEC5 /* pg */ = {
			isa = PBXGroup;
			children = (
				A96F17D028E319AC000C691D /* Lv.1 */,
				A94832FF28F7136E0042DEC5 /* Lv.2 */,
			);
			path = pg;
			sourceTree = "<group>";
		};
		A94832FF28F7136E0042DEC5 /* Lv.2 */ = {
			isa = PBXGroup;
			children = (
				A948330028F713910042DEC5 /* pg_43165.swift */,
			);
			path = Lv.2;
			sourceTree = "<group>";
		};
		A96F17BD28E2F8F5000C691D = {
			isa = PBXGroup;
			children = (
				A96F17C828E2F8F5000C691D /* Algorithm-Swift */,
				A96F17C728E2F8F5000C691D /* Products */,
			);
			sourceTree = "<group>";
		};
		A96F17C728E2F8F5000C691D /* Products */ = {
			isa = PBXGroup;
			children = (
				A96F17C628E2F8F5000C691D /* Algorithm-Swift */,
			);
			name = Products;
			sourceTree = "<group>";
		};
		A96F17C828E2F8F5000C691D /* Algorithm-Swift */ = {
			isa = PBXGroup;
			children = (
				A94832FD28F712540042DEC5 /* pg */,
			);
			path = "Algorithm-Swift";
			sourceTree = "<group>";
		};
		A96F17D028E319AC000C691D /* Lv.1 */ = {
			isa = PBXGroup;
			children = (
				A96F17C928E2F8F5000C691D /* pg_12932.swift */,
				A96F17D228E31ABD000C691D /* pg_12916.swift */,
				A96F17D428E31DE9000C691D /* pg_12947.swift */,
				A96F17D628E31FD8000C691D /* pg_12933.swift */,
				A96F17D828E326A4000C691D /* pg_12925.swift */,
				A96F17DA28E32815000C691D /* pg_12954.swift */,
				A96F17DC28E32C45000C691D /* pg_87389.swift */,
				A98C813928E4804F00B78843 /* pg_12943.swift */,
				A98C813B28E481A500B78843 /* pg_12912.swift */,
				A98C813D28E488EE00B78843 /* pg_12919.swift */,
				A943515428E57445001B653D /* pg_12910.swift */,
				A943515628E57528001B653D /* pg_12948.swift */,
				A943515828E57816001B653D /* pg_12935.swift */,
				A943515A28E57B49001B653D /* pg_76501.swift */,
				A943515C28E57CEB001B653D /* pg_12922.swift */,
				A943515E28E58276001B653D /* pg_12903.swift */,
				A943516028E58BB1001B653D /* pg_86051.swift */,
				A943516228E58DD4001B653D /* pg_70128.swift */,
				A943516428E58EE6001B653D /* pg_12917.swift */,
				A943516628E59A55001B653D /* pg_12918.swift */,
				A943516828E5AE73001B653D /* pg_77884.swift */,
				A943516A28E5B042001B653D /* pg_12950.swift */,
				A943516C28E5EC6A001B653D /* pg_82612.swift */,
				A943516E28E5EE01001B653D /* pg_12926.swift */,
				A943517028E5F956001B653D /* pg_12940.swift */,
			);
			path = Lv.1;
			sourceTree = "<group>";
		};
/* End PBXGroup section */

/* Begin PBXNativeTarget section */
		A96F17C528E2F8F5000C691D /* Algorithm-Swift */ = {
			isa = PBXNativeTarget;
			buildConfigurationList = A96F17CD28E2F8F5000C691D /* Build configuration list for PBXNativeTarget "Algorithm-Swift" */;
			buildPhases = (
				A96F17C228E2F8F5000C691D /* Sources */,
				A96F17C328E2F8F5000C691D /* Frameworks */,
				A96F17C428E2F8F5000C691D /* CopyFiles */,
			);
			buildRules = (
			);
			dependencies = (
			);
			name = "Algorithm-Swift";
			productName = "Algorithm-Swift";
			productReference = A96F17C628E2F8F5000C691D /* Algorithm-Swift */;
			productType = "com.apple.product-type.tool";
		};
/* End PBXNativeTarget section */

/* Begin PBXProject section */
		A96F17BE28E2F8F5000C691D /* Project object */ = {
			isa = PBXProject;
			attributes = {
				BuildIndependentTargetsInParallel = 1;
				LastSwiftUpdateCheck = 1400;
				LastUpgradeCheck = 1400;
				TargetAttributes = {
					A96F17C528E2F8F5000C691D = {
						CreatedOnToolsVersion = 14.0;
						LastSwiftMigration = 1400;
					};
				};
			};
			buildConfigurationList = A96F17C128E2F8F5000C691D /* Build configuration list for PBXProject "Algorithm-Swift" */;
			compatibilityVersion = "Xcode 14.0";
			developmentRegion = en;
			hasScannedForEncodings = 0;
			knownRegions = (
				en,
				Base,
			);
			mainGroup = A96F17BD28E2F8F5000C691D;
			productRefGroup = A96F17C728E2F8F5000C691D /* Products */;
			projectDirPath = "";
			projectRoot = "";
			targets = (
				A96F17C528E2F8F5000C691D /* Algorithm-Swift */,
			);
		};
/* End PBXProject section */

/* Begin PBXSourcesBuildPhase section */
		A96F17C228E2F8F5000C691D /* Sources */ = {
			isa = PBXSourcesBuildPhase;
			buildActionMask = 2147483647;
			files = (
			);
			runOnlyForDeploymentPostprocessing = 0;
		};
/* End PBXSourcesBuildPhase section */

/* Begin XCBuildConfiguration section */
		A96F17CB28E2F8F5000C691D /* Debug */ = {
			isa = XCBuildConfiguration;
			buildSettings = {
				ALWAYS_SEARCH_USER_PATHS = NO;
				CLANG_ANALYZER_NONNULL = YES;
				CLANG_ANALYZER_NUMBER_OBJECT_CONVERSION = YES_AGGRESSIVE;
				CLANG_CXX_LANGUAGE_STANDARD = "gnu++20";
				CLANG_ENABLE_MODULES = YES;
				CLANG_ENABLE_OBJC_ARC = YES;
				CLANG_ENABLE_OBJC_WEAK = YES;
				CLANG_WARN_BLOCK_CAPTURE_AUTORELEASING = YES;
				CLANG_WARN_BOOL_CONVERSION = YES;
				CLANG_WARN_COMMA = YES;
				CLANG_WARN_CONSTANT_CONVERSION = YES;
				CLANG_WARN_DEPRECATED_OBJC_IMPLEMENTATIONS = YES;
				CLANG_WARN_DIRECT_OBJC_ISA_USAGE = YES_ERROR;
				CLANG_WARN_DOCUMENTATION_COMMENTS = YES;
				CLANG_WARN_EMPTY_BODY = YES;
				CLANG_WARN_ENUM_CONVERSION = YES;
				CLANG_WARN_INFINITE_RECURSION = YES;
				CLANG_WARN_INT_CONVERSION = YES;
				CLANG_WARN_NON_LITERAL_NULL_CONVERSION = YES;
				CLANG_WARN_OBJC_IMPLICIT_RETAIN_SELF = YES;
				CLANG_WARN_OBJC_LITERAL_CONVERSION = YES;
				CLANG_WARN_OBJC_ROOT_CLASS = YES_ERROR;
				CLANG_WARN_QUOTED_INCLUDE_IN_FRAMEWORK_HEADER = YES;
				CLANG_WARN_RANGE_LOOP_ANALYSIS = YES;
				CLANG_WARN_STRICT_PROTOTYPES = YES;
				CLANG_WARN_SUSPICIOUS_MOVE = YES;
				CLANG_WARN_UNGUARDED_AVAILABILITY = YES_AGGRESSIVE;
				CLANG_WARN_UNREACHABLE_CODE = YES;
				CLANG_WARN__DUPLICATE_METHOD_MATCH = YES;
				COPY_PHASE_STRIP = NO;
				DEBUG_INFORMATION_FORMAT = dwarf;
				ENABLE_STRICT_OBJC_MSGSEND = YES;
				ENABLE_TESTABILITY = YES;
				GCC_C_LANGUAGE_STANDARD = gnu11;
				GCC_DYNAMIC_NO_PIC = NO;
				GCC_NO_COMMON_BLOCKS = YES;
				GCC_OPTIMIZATION_LEVEL = 0;
				GCC_PREPROCESSOR_DEFINITIONS = (
					"DEBUG=1",
					"$(inherited)",
				);
				GCC_WARN_64_TO_32_BIT_CONVERSION = YES;
				GCC_WARN_ABOUT_RETURN_TYPE = YES_ERROR;
				GCC_WARN_UNDECLARED_SELECTOR = YES;
				GCC_WARN_UNINITIALIZED_AUTOS = YES_AGGRESSIVE;
				GCC_WARN_UNUSED_FUNCTION = YES;
				GCC_WARN_UNUSED_VARIABLE = YES;
				MACOSX_DEPLOYMENT_TARGET = 12.3;
				MTL_ENABLE_DEBUG_INFO = INCLUDE_SOURCE;
				MTL_FAST_MATH = YES;
				ONLY_ACTIVE_ARCH = YES;
				SDKROOT = macosx;
				SWIFT_ACTIVE_COMPILATION_CONDITIONS = DEBUG;
				SWIFT_OPTIMIZATION_LEVEL = "-Onone";
			};
			name = Debug;
		};
		A96F17CC28E2F8F5000C691D /* Release */ = {
			isa = XCBuildConfiguration;
			buildSettings = {
				ALWAYS_SEARCH_USER_PATHS = NO;
				CLANG_ANALYZER_NONNULL = YES;
				CLANG_ANALYZER_NUMBER_OBJECT_CONVERSION = YES_AGGRESSIVE;
				CLANG_CXX_LANGUAGE_STANDARD = "gnu++20";
				CLANG_ENABLE_MODULES = YES;
				CLANG_ENABLE_OBJC_ARC = YES;
				CLANG_ENABLE_OBJC_WEAK = YES;
				CLANG_WARN_BLOCK_CAPTURE_AUTORELEASING = YES;
				CLANG_WARN_BOOL_CONVERSION = YES;
				CLANG_WARN_COMMA = YES;
				CLANG_WARN_CONSTANT_CONVERSION = YES;
				CLANG_WARN_DEPRECATED_OBJC_IMPLEMENTATIONS = YES;
				CLANG_WARN_DIRECT_OBJC_ISA_USAGE = YES_ERROR;
				CLANG_WARN_DOCUMENTATION_COMMENTS = YES;
				CLANG_WARN_EMPTY_BODY = YES;
				CLANG_WARN_ENUM_CONVERSION = YES;
				CLANG_WARN_INFINITE_RECURSION = YES;
				CLANG_WARN_INT_CONVERSION = YES;
				CLANG_WARN_NON_LITERAL_NULL_CONVERSION = YES;
				CLANG_WARN_OBJC_IMPLICIT_RETAIN_SELF = YES;
				CLANG_WARN_OBJC_LITERAL_CONVERSION = YES;
				CLANG_WARN_OBJC_ROOT_CLASS = YES_ERROR;
				CLANG_WARN_QUOTED_INCLUDE_IN_FRAMEWORK_HEADER = YES;
				CLANG_WARN_RANGE_LOOP_ANALYSIS = YES;
				CLANG_WARN_STRICT_PROTOTYPES = YES;
				CLANG_WARN_SUSPICIOUS_MOVE = YES;
				CLANG_WARN_UNGUARDED_AVAILABILITY = YES_AGGRESSIVE;
				CLANG_WARN_UNREACHABLE_CODE = YES;
				CLANG_WARN__DUPLICATE_METHOD_MATCH = YES;
				COPY_PHASE_STRIP = NO;
				DEBUG_INFORMATION_FORMAT = "dwarf-with-dsym";
				ENABLE_NS_ASSERTIONS = NO;
				ENABLE_STRICT_OBJC_MSGSEND = YES;
				GCC_C_LANGUAGE_STANDARD = gnu11;
				GCC_NO_COMMON_BLOCKS = YES;
				GCC_WARN_64_TO_32_BIT_CONVERSION = YES;
				GCC_WARN_ABOUT_RETURN_TYPE = YES_ERROR;
				GCC_WARN_UNDECLARED_SELECTOR = YES;
				GCC_WARN_UNINITIALIZED_AUTOS = YES_AGGRESSIVE;
				GCC_WARN_UNUSED_FUNCTION = YES;
				GCC_WARN_UNUSED_VARIABLE = YES;
				MACOSX_DEPLOYMENT_TARGET = 12.3;
				MTL_ENABLE_DEBUG_INFO = NO;
				MTL_FAST_MATH = YES;
				SDKROOT = macosx;
				SWIFT_COMPILATION_MODE = wholemodule;
				SWIFT_OPTIMIZATION_LEVEL = "-O";
			};
			name = Release;
		};
		A96F17CE28E2F8F5000C691D /* Debug */ = {
			isa = XCBuildConfiguration;
			buildSettings = {
				CLANG_ENABLE_MODULES = YES;
				CODE_SIGN_STYLE = Automatic;
				LD_RUNPATH_SEARCH_PATHS = (
					"$(inherited)",
					"@executable_path/../Frameworks",
					"@loader_path/../Frameworks",
				);
				PRODUCT_NAME = "$(TARGET_NAME)";
				SWIFT_OPTIMIZATION_LEVEL = "-Onone";
				SWIFT_VERSION = 5.0;
			};
			name = Debug;
		};
		A96F17CF28E2F8F5000C691D /* Release */ = {
			isa = XCBuildConfiguration;
			buildSettings = {
				CLANG_ENABLE_MODULES = YES;
				CODE_SIGN_STYLE = Automatic;
				LD_RUNPATH_SEARCH_PATHS = (
					"$(inherited)",
					"@executable_path/../Frameworks",
					"@loader_path/../Frameworks",
				);
				PRODUCT_NAME = "$(TARGET_NAME)";
				SWIFT_VERSION = 5.0;
			};
			name = Release;
		};
/* End XCBuildConfiguration section */

/* Begin XCConfigurationList section */
		A96F17C128E2F8F5000C691D /* Build configuration list for PBXProject "Algorithm-Swift" */ = {
			isa = XCConfigurationList;
			buildConfigurations = (
				A96F17CB28E2F8F5000C691D /* Debug */,
				A96F17CC28E2F8F5000C691D /* Release */,
			);
			defaultConfigurationIsVisible = 0;
			defaultConfigurationName = Release;
		};
		A96F17CD28E2F8F5000C691D /* Build configuration list for PBXNativeTarget "Algorithm-Swift" */ = {
			isa = XCConfigurationList;
			buildConfigurations = (
				A96F17CE28E2F8F5000C691D /* Debug */,
				A96F17CF28E2F8F5000C691D /* Release */,
			);
			defaultConfigurationIsVisible = 0;
			defaultConfigurationName = Release;
		};
/* End XCConfigurationList section */
	};
	rootObject = A96F17BE28E2F8F5000C691D /* Project object */;
}
